
Microsoft Visual Studio Solution File, Format Version 12.00
# Visual Studio 15
Project("{FAE04EC0-301F-11D3-BF4B-00C04F79EFBC}") = "UnityEngine.TestRunner", "UnityEngine.TestRunner.csproj", "{63FAC511-B5A7-EF0A-8FAD-835E514F09D0}"
EndProject
Project("{FAE04EC0-301F-11D3-BF4B-00C04F79EFBC}") = "Unity.Mathematics", "Unity.Mathematics.csproj", "{4D052A12-FF9C-718C-325A-276B7964E7E2}"
EndProject
Project("{FAE04EC0-301F-11D3-BF4B-00C04F79EFBC}") = "Unity.2D.Animation.Triangle.Runtime", "Unity.2D.Animation.Triangle.Runtime.csproj", "{A7E12CC6-EB69-486E-2B50-E379F1F0C521}"
EndProject
Project("{FAE04EC0-301F-11D3-BF4B-00C04F79EFBC}") = "Unity.Timeline", "Unity.Timeline.csproj", "{A8B1D9CE-1CE9-1A95-5DC4-523D910AF5C9}"
EndProject
Project("{FAE04EC0-301F-11D3-BF4B-00C04F79EFBC}") = "UnityEngine.UI", "UnityEngine.UI.csproj", "{E02FD18C-F434-F25D-7D85-858068E0B4E0}"
EndProject
Project("{FAE04EC0-301F-11D3-BF4B-00C04F79EFBC}") = "Unity.TextMeshPro", "Unity.TextMeshPro.csproj", "{DF4EFBF4-FC70-583D-BA7E-37ED27297A71}"
EndProject
Project("{FAE04EC0-301F-11D3-BF4B-00C04F79EFBC}") = "Unity.2D.Animation.Runtime", "Unity.2D.Animation.Runtime.csproj", "{6296A3C0-6EA3-6021-5688-DCBF788D36AF}"
EndProject
Project("{FAE04EC0-301F-11D3-BF4B-00C04F79EFBC}") = "Unity.2D.IK.Runtime", "Unity.2D.IK.Runtime.csproj", "{D140D582-4F62-F6C5-2D9C-29B1C3530CFA}"
EndProject
Project("{FAE04EC0-301F-11D3-BF4B-00C04F79EFBC}") = "Unity.2D.SpriteShape.Runtime", "Unity.2D.SpriteShape.Runtime.csproj", "{5E4F321B-1245-012E-CB6B-D985CC23D400}"
EndProject
Project("{FAE04EC0-301F-11D3-BF4B-00C04F79EFBC}") = "Unity.2D.PixelPerfect", "Unity.2D.PixelPerfect.csproj", "{1F22A8F2-9D06-C318-C77C-B1518F51D9AA}"
EndProject
Project("{FAE04EC0-301F-11D3-BF4B-00C04F79EFBC}") = "Unity.2D.Common.Runtime", "Unity.2D.Common.Runtime.csproj", "{88D0E573-F282-65BF-3D16-EB3068821CA8}"
EndProject
Project("{FAE04EC0-301F-11D3-BF4B-00C04F79EFBC}") = "Unity.InternalAPIEngineBridge.001", "Unity.InternalAPIEngineBridge.001.csproj", "{DE460E5A-81CF-92FF-D542-BFAE4D90927D}"
EndProject
Project("{FAE04EC0-301F-11D3-BF4B-00C04F79EFBC}") = "Assembly-CSharp", "Assembly-CSharp.csproj", "{9090EC99-8896-44A8-788A-EC2CA5E7AF95}"
EndProject
Project("{FAE04EC0-301F-11D3-BF4B-00C04F79EFBC}") = "UnityEditor.TestRunner", "UnityEditor.TestRunner.csproj", "{15848B63-A280-0695-C226-D78DB0C5B916}"
EndProject
Project("{FAE04EC0-301F-11D3-BF4B-00C04F79EFBC}") = "Unity.PlasticSCM.Editor", "Unity.PlasticSCM.Editor.csproj", "{3238BDA0-F0D6-0AE1-9F47-ABF2616C905B}"
EndProject
Project("{FAE04EC0-301F-11D3-BF4B-00C04F79EFBC}") = "UnityEditor.UI", "UnityEditor.UI.csproj", "{080A4610-5487-BC41-5026-5081C54D1D2F}"
EndProject
Project("{FAE04EC0-301F-11D3-BF4B-00C04F79EFBC}") = "Unity.Services.Core.Editor", "Unity.Services.Core.Editor.csproj", "{C75A2B55-4961-69D1-95C4-9AAE5653DC42}"
EndProject
Project("{FAE04EC0-301F-11D3-BF4B-00C04F79EFBC}") = "Unity.Timeline.Editor", "Unity.Timeline.Editor.csproj", "{F69DC615-7F1F-566A-80B2-23CC8CCD521C}"
EndProject
Project("{FAE04EC0-301F-11D3-BF4B-00C04F79EFBC}") = "Unity.VisualStudio.Editor", "Unity.VisualStudio.Editor.csproj", "{029E7BDA-4B71-9182-A1C1-58B3395F8F0A}"
EndProject
Project("{FAE04EC0-301F-11D3-BF4B-00C04F79EFBC}") = "Unity.2D.Psdimporter.Editor", "Unity.2D.Psdimporter.Editor.csproj", "{05D212EE-425E-0557-20F8-BACF0DFE2D63}"
EndProject
Project("{FAE04EC0-301F-11D3-BF4B-00C04F79EFBC}") = "Unity.2D.Animation.Editor", "Unity.2D.Animation.Editor.csproj", "{2DF8213A-6005-465E-B03D-69A28842C2A5}"
EndProject
Project("{FAE04EC0-301F-11D3-BF4B-00C04F79EFBC}") = "Unity.TextMeshPro.Editor", "Unity.TextMeshPro.Editor.csproj", "{1D106036-07CE-97DA-5843-40BE19C950B0}"
EndProject
Project("{FAE04EC0-301F-11D3-BF4B-00C04F79EFBC}") = "Unity.2D.SpriteShape.Editor", "Unity.2D.SpriteShape.Editor.csproj", "{B98235BA-7219-59CC-7AC2-1BEABB910EE4}"
EndProject
Project("{FAE04EC0-301F-11D3-BF4B-00C04F79EFBC}") = "Unity.CollabProxy.Editor", "Unity.CollabProxy.Editor.csproj", "{E639A848-73FD-AD6C-4188-87727A12E2F1}"
EndProject
Project("{FAE04EC0-301F-11D3-BF4B-00C04F79EFBC}") = "PsdPlugin", "PsdPlugin.csproj", "{6BC20B3A-6633-014D-B003-78080065A979}"
EndProject
Project("{FAE04EC0-301F-11D3-BF4B-00C04F79EFBC}") = "Unity.2D.Path.Editor", "Unity.2D.Path.Editor.csproj", "{1E712431-1406-16E7-EC09-6900A656218A}"
EndProject
Project("{FAE04EC0-301F-11D3-BF4B-00C04F79EFBC}") = "Unity.Rider.Editor", "Unity.Rider.Editor.csproj", "{B1BA599C-9F56-4E17-4181-991FF3018361}"
EndProject
Project("{FAE04EC0-301F-11D3-BF4B-00C04F79EFBC}") = "Unity.2D.IK.Editor", "Unity.2D.IK.Editor.csproj", "{D9C2134A-7D66-DBD6-3D87-655493174BA0}"
EndProject
Project("{FAE04EC0-301F-11D3-BF4B-00C04F79EFBC}") = "Unity.2D.Sprite.Editor", "Unity.2D.Sprite.Editor.csproj", "{2CA1545A-D002-9021-EC3C-AF65535887B9}"
EndProject
Project("{FAE04EC0-301F-11D3-BF4B-00C04F79EFBC}") = "Unity.2D.Tilemap.Editor", "Unity.2D.Tilemap.Editor.csproj", "{E0F45656-6C9D-36BC-F90B-D734A6CD2548}"
EndProject
Project("{FAE04EC0-301F-11D3-BF4B-00C04F79EFBC}") = "Unity.2D.PixelPerfect.Editor", "Unity.2D.PixelPerfect.Editor.csproj", "{42CA0321-496C-0EE5-D5FE-8D3C87D7A734}"
EndProject
Project("{FAE04EC0-301F-11D3-BF4B-00C04F79EFBC}") = "Unity.VSCode.Editor", "Unity.VSCode.Editor.csproj", "{5DA107E6-5050-B7DC-94BC-46EFD44923DB}"
EndProject
Project("{FAE04EC0-301F-11D3-BF4B-00C04F79EFBC}") = "Unity.2D.Common.Editor", "Unity.2D.Common.Editor.csproj", "{1EBCEE04-479C-50C2-D6A6-5432F51B073C}"
EndProject
Project("{FAE04EC0-301F-11D3-BF4B-00C04F79EFBC}") = "Unity.Mathematics.Editor", "Unity.Mathematics.Editor.csproj", "{C10E4E05-E40B-C87F-0B56-68CF9144E85C}"
EndProject
Project("{FAE04EC0-301F-11D3-BF4B-00C04F79EFBC}") = "Unity.InternalAPIEditorBridge.001", "Unity.InternalAPIEditorBridge.001.csproj", "{D6D580D3-A7BB-D859-A8C5-4CEDCD62F798}"
EndProject
Project("{FAE04EC0-301F-11D3-BF4B-00C04F79EFBC}") = "UnityEngine.TestRunner", "UnityEngine.TestRunner.Player.csproj", "{55B2C998-49FB-39FA-C18E-2695162EC02C}"
EndProject
Project("{FAE04EC0-301F-11D3-BF4B-00C04F79EFBC}") = "Unity.Mathematics", "Unity.Mathematics.Player.csproj", "{B37A61F9-742B-0E24-A299-AB40D3FD9B58}"
EndProject
Project("{FAE04EC0-301F-11D3-BF4B-00C04F79EFBC}") = "Unity.2D.Animation.Triangle.Runtime", "Unity.2D.Animation.Triangle.Runtime.Player.csproj", "{85D335F7-5D08-743B-6CC7-360948E0A620}"
EndProject
Project("{FAE04EC0-301F-11D3-BF4B-00C04F79EFBC}") = "Unity.Timeline", "Unity.Timeline.Player.csproj", "{39FF8954-6161-803C-9B5E-63956AA66D1C}"
EndProject
Project("{FAE04EC0-301F-11D3-BF4B-00C04F79EFBC}") = "UnityEngine.UI", "UnityEngine.UI.Player.csproj", "{A75E2775-A71D-4B6A-D43C-D6A176BE436F}"
EndProject
Project("{FAE04EC0-301F-11D3-BF4B-00C04F79EFBC}") = "Unity.TextMeshPro", "Unity.TextMeshPro.Player.csproj", "{496DDDFA-22FC-5430-7977-4E3987F93533}"
EndProject
Project("{FAE04EC0-301F-11D3-BF4B-00C04F79EFBC}") = "Unity.2D.Animation.Runtime", "Unity.2D.Animation.Runtime.Player.csproj", "{3A4AE3FD-E40C-C2AB-AFB1-3AB0CACB2D47}"
EndProject
Project("{FAE04EC0-301F-11D3-BF4B-00C04F79EFBC}") = "Unity.2D.IK.Runtime", "Unity.2D.IK.Runtime.Player.csproj", "{85C9AC61-F849-724E-1AF3-B81C84641CD2}"
EndProject
Project("{FAE04EC0-301F-11D3-BF4B-00C04F79EFBC}") = "Unity.2D.SpriteShape.Runtime", "Unity.2D.SpriteShape.Runtime.Player.csproj", "{B8875475-8893-B7F4-D3DC-B7BC574ACEB3}"
EndProject
Project("{FAE04EC0-301F-11D3-BF4B-00C04F79EFBC}") = "Unity.2D.PixelPerfect", "Unity.2D.PixelPerfect.Player.csproj", "{188DDDAF-A5FD-C439-0A5F-BE047FD8662D}"
EndProject
Project("{FAE04EC0-301F-11D3-BF4B-00C04F79EFBC}") = "Unity.2D.Common.Runtime", "Unity.2D.Common.Runtime.Player.csproj", "{C8DB5FF9-406D-BA86-453C-9C244BB164C4}"
EndProject
Project("{FAE04EC0-301F-11D3-BF4B-00C04F79EFBC}") = "Unity.InternalAPIEngineBridge.001", "Unity.InternalAPIEngineBridge.001.Player.csproj", "{0BB2E8D8-A427-3B8A-6ACE-3A238FD52680}"
EndProject
Project("{FAE04EC0-301F-11D3-BF4B-00C04F79EFBC}") = "Assembly-CSharp", "Assembly-CSharp.Player.csproj", "{D36ADC59-D2EF-D0B9-348B-7A8F69483585}"
EndProject
Global
	GlobalSection(SolutionConfigurationPlatforms) = preSolution
		Debug|Any CPU = Debug|Any CPU
		Release|Any CPU = Release|Any CPU
	EndGlobalSection
	GlobalSection(ProjectConfigurationPlatforms) = postSolution
		{63FAC511-B5A7-EF0A-8FAD-835E514F09D0}.Debug|Any CPU.ActiveCfg = Debug|Any CPU
		{63FAC511-B5A7-EF0A-8FAD-835E514F09D0}.Debug|Any CPU.Build.0 = Debug|Any CPU
		{63FAC511-B5A7-EF0A-8FAD-835E514F09D0}.Release|Any CPU.ActiveCfg = Release|Any CPU
		{63FAC511-B5A7-EF0A-8FAD-835E514F09D0}.Release|Any CPU.Build.0 = Release|Any CPU
		{4D052A12-FF9C-718C-325A-276B7964E7E2}.Debug|Any CPU.ActiveCfg = Debug|Any CPU
		{4D052A12-FF9C-718C-325A-276B7964E7E2}.Debug|Any CPU.Build.0 = Debug|Any CPU
		{4D052A12-FF9C-718C-325A-276B7964E7E2}.Release|Any CPU.ActiveCfg = Release|Any CPU
		{4D052A12-FF9C-718C-325A-276B7964E7E2}.Release|Any CPU.Build.0 = Release|Any CPU
		{A7E12CC6-EB69-486E-2B50-E379F1F0C521}.Debug|Any CPU.ActiveCfg = Debug|Any CPU
		{A7E12CC6-EB69-486E-2B50-E379F1F0C521}.Debug|Any CPU.Build.0 = Debug|Any CPU
		{A7E12CC6-EB69-486E-2B50-E379F1F0C521}.Release|Any CPU.ActiveCfg = Release|Any CPU
		{A7E12CC6-EB69-486E-2B50-E379F1F0C521}.Release|Any CPU.Build.0 = Release|Any CPU
		{A8B1D9CE-1CE9-1A95-5DC4-523D910AF5C9}.Debug|Any CPU.ActiveCfg = Debug|Any CPU
		{A8B1D9CE-1CE9-1A95-5DC4-523D910AF5C9}.Debug|Any CPU.Build.0 = Debug|Any CPU
		{A8B1D9CE-1CE9-1A95-5DC4-523D910AF5C9}.Release|Any CPU.ActiveCfg = Release|Any CPU
		{A8B1D9CE-1CE9-1A95-5DC4-523D910AF5C9}.Release|Any CPU.Build.0 = Release|Any CPU
		{E02FD18C-F434-F25D-7D85-858068E0B4E0}.Debug|Any CPU.ActiveCfg = Debug|Any CPU
		{E02FD18C-F434-F25D-7D85-858068E0B4E0}.Debug|Any CPU.Build.0 = Debug|Any CPU
		{E02FD18C-F434-F25D-7D85-858068E0B4E0}.Release|Any CPU.ActiveCfg = Release|Any CPU
		{E02FD18C-F434-F25D-7D85-858068E0B4E0}.Release|Any CPU.Build.0 = Release|Any CPU
		{DF4EFBF4-FC70-583D-BA7E-37ED27297A71}.Debug|Any CPU.ActiveCfg = Debug|Any CPU
		{DF4EFBF4-FC70-583D-BA7E-37ED27297A71}.Debug|Any CPU.Build.0 = Debug|Any CPU
		{DF4EFBF4-FC70-583D-BA7E-37ED27297A71}.Release|Any CPU.ActiveCfg = Release|Any CPU
		{DF4EFBF4-FC70-583D-BA7E-37ED27297A71}.Release|Any CPU.Build.0 = Release|Any CPU
		{6296A3C0-6EA3-6021-5688-DCBF788D36AF}.Debug|Any CPU.ActiveCfg = Debug|Any CPU
		{6296A3C0-6EA3-6021-5688-DCBF788D36AF}.Debug|Any CPU.Build.0 = Debug|Any CPU
		{6296A3C0-6EA3-6021-5688-DCBF788D36AF}.Release|Any CPU.ActiveCfg = Release|Any CPU
		{6296A3C0-6EA3-6021-5688-DCBF788D36AF}.Release|Any CPU.Build.0 = Release|Any CPU
		{D140D582-4F62-F6C5-2D9C-29B1C3530CFA}.Debug|Any CPU.ActiveCfg = Debug|Any CPU
		{D140D582-4F62-F6C5-2D9C-29B1C3530CFA}.Debug|Any CPU.Build.0 = Debug|Any CPU
		{D140D582-4F62-F6C5-2D9C-29B1C3530CFA}.Release|Any CPU.ActiveCfg = Release|Any CPU
		{D140D582-4F62-F6C5-2D9C-29B1C3530CFA}.Release|Any CPU.Build.0 = Release|Any CPU
		{5E4F321B-1245-012E-CB6B-D985CC23D400}.Debug|Any CPU.ActiveCfg = Debug|Any CPU
		{5E4F321B-1245-012E-CB6B-D985CC23D400}.Debug|Any CPU.Build.0 = Debug|Any CPU
		{5E4F321B-1245-012E-CB6B-D985CC23D400}.Release|Any CPU.ActiveCfg = Release|Any CPU
		{5E4F321B-1245-012E-CB6B-D985CC23D400}.Release|Any CPU.Build.0 = Release|Any CPU
		{1F22A8F2-9D06-C318-C77C-B1518F51D9AA}.Debug|Any CPU.ActiveCfg = Debug|Any CPU
		{1F22A8F2-9D06-C318-C77C-B1518F51D9AA}.Debug|Any CPU.Build.0 = Debug|Any CPU
		{1F22A8F2-9D06-C318-C77C-B1518F51D9AA}.Release|Any CPU.ActiveCfg = Release|Any CPU
		{1F22A8F2-9D06-C318-C77C-B1518F51D9AA}.Release|Any CPU.Build.0 = Release|Any CPU
		{88D0E573-F282-65BF-3D16-EB3068821CA8}.Debug|Any CPU.ActiveCfg = Debug|Any CPU
		{88D0E573-F282-65BF-3D16-EB3068821CA8}.Debug|Any CPU.Build.0 = Debug|Any CPU
		{88D0E573-F282-65BF-3D16-EB3068821CA8}.Release|Any CPU.ActiveCfg = Release|Any CPU
		{88D0E573-F282-65BF-3D16-EB3068821CA8}.Release|Any CPU.Build.0 = Release|Any CPU
		{DE460E5A-81CF-92FF-D542-BFAE4D90927D}.Debug|Any CPU.ActiveCfg = Debug|Any CPU
		{DE460E5A-81CF-92FF-D542-BFAE4D90927D}.Debug|Any CPU.Build.0 = Debug|Any CPU
		{DE460E5A-81CF-92FF-D542-BFAE4D90927D}.Release|Any CPU.ActiveCfg = Release|Any CPU
		{DE460E5A-81CF-92FF-D542-BFAE4D90927D}.Release|Any CPU.Build.0 = Release|Any CPU
		{9090EC99-8896-44A8-788A-EC2CA5E7AF95}.Debug|Any CPU.ActiveCfg = Debug|Any CPU
		{9090EC99-8896-44A8-788A-EC2CA5E7AF95}.Debug|Any CPU.Build.0 = Debug|Any CPU
		{9090EC99-8896-44A8-788A-EC2CA5E7AF95}.Release|Any CPU.ActiveCfg = Release|Any CPU
		{9090EC99-8896-44A8-788A-EC2CA5E7AF95}.Release|Any CPU.Build.0 = Release|Any CPU
		{15848B63-A280-0695-C226-D78DB0C5B916}.Debug|Any CPU.ActiveCfg = Debug|Any CPU
		{15848B63-A280-0695-C226-D78DB0C5B916}.Debug|Any CPU.Build.0 = Debug|Any CPU
		{15848B63-A280-0695-C226-D78DB0C5B916}.Release|Any CPU.ActiveCfg = Release|Any CPU
		{15848B63-A280-0695-C226-D78DB0C5B916}.Release|Any CPU.Build.0 = Release|Any CPU
		{3238BDA0-F0D6-0AE1-9F47-ABF2616C905B}.Debug|Any CPU.ActiveCfg = Debug|Any CPU
		{3238BDA0-F0D6-0AE1-9F47-ABF2616C905B}.Debug|Any CPU.Build.0 = Debug|Any CPU
		{3238BDA0-F0D6-0AE1-9F47-ABF2616C905B}.Release|Any CPU.ActiveCfg = Release|Any CPU
		{3238BDA0-F0D6-0AE1-9F47-ABF2616C905B}.Release|Any CPU.Build.0 = Release|Any CPU
		{080A4610-5487-BC41-5026-5081C54D1D2F}.Debug|Any CPU.ActiveCfg = Debug|Any CPU
		{080A4610-5487-BC41-5026-5081C54D1D2F}.Debug|Any CPU.Build.0 = Debug|Any CPU
		{080A4610-5487-BC41-5026-5081C54D1D2F}.Release|Any CPU.ActiveCfg = Release|Any CPU
		{080A4610-5487-BC41-5026-5081C54D1D2F}.Release|Any CPU.Build.0 = Release|Any CPU
		{C75A2B55-4961-69D1-95C4-9AAE5653DC42}.Debug|Any CPU.ActiveCfg = Debug|Any CPU
		{C75A2B55-4961-69D1-95C4-9AAE5653DC42}.Debug|Any CPU.Build.0 = Debug|Any CPU
		{C75A2B55-4961-69D1-95C4-9AAE5653DC42}.Release|Any CPU.ActiveCfg = Release|Any CPU
		{C75A2B55-4961-69D1-95C4-9AAE5653DC42}.Release|Any CPU.Build.0 = Release|Any CPU
		{F69DC615-7F1F-566A-80B2-23CC8CCD521C}.Debug|Any CPU.ActiveCfg = Debug|Any CPU
		{F69DC615-7F1F-566A-80B2-23CC8CCD521C}.Debug|Any CPU.Build.0 = Debug|Any CPU
		{F69DC615-7F1F-566A-80B2-23CC8CCD521C}.Release|Any CPU.ActiveCfg = Release|Any CPU
		{F69DC615-7F1F-566A-80B2-23CC8CCD521C}.Release|Any CPU.Build.0 = Release|Any CPU
		{029E7BDA-4B71-9182-A1C1-58B3395F8F0A}.Debug|Any CPU.ActiveCfg = Debug|Any CPU
		{029E7BDA-4B71-9182-A1C1-58B3395F8F0A}.Debug|Any CPU.Build.0 = Debug|Any CPU
		{029E7BDA-4B71-9182-A1C1-58B3395F8F0A}.Release|Any CPU.ActiveCfg = Release|Any CPU
		{029E7BDA-4B71-9182-A1C1-58B3395F8F0A}.Release|Any CPU.Build.0 = Release|Any CPU
		{05D212EE-425E-0557-20F8-BACF0DFE2D63}.Debug|Any CPU.ActiveCfg = Debug|Any CPU
		{05D212EE-425E-0557-20F8-BACF0DFE2D63}.Debug|Any CPU.Build.0 = Debug|Any CPU
		{05D212EE-425E-0557-20F8-BACF0DFE2D63}.Release|Any CPU.ActiveCfg = Release|Any CPU
		{05D212EE-425E-0557-20F8-BACF0DFE2D63}.Release|Any CPU.Build.0 = Release|Any CPU
		{2DF8213A-6005-465E-B03D-69A28842C2A5}.Debug|Any CPU.ActiveCfg = Debug|Any CPU
		{2DF8213A-6005-465E-B03D-69A28842C2A5}.Debug|Any CPU.Build.0 = Debug|Any CPU
		{2DF8213A-6005-465E-B03D-69A28842C2A5}.Release|Any CPU.ActiveCfg = Release|Any CPU
		{2DF8213A-6005-465E-B03D-69A28842C2A5}.Release|Any CPU.Build.0 = Release|Any CPU
		{1D106036-07CE-97DA-5843-40BE19C950B0}.Debug|Any CPU.ActiveCfg = Debug|Any CPU
		{1D106036-07CE-97DA-5843-40BE19C950B0}.Debug|Any CPU.Build.0 = Debug|Any CPU
		{1D106036-07CE-97DA-5843-40BE19C950B0}.Release|Any CPU.ActiveCfg = Release|Any CPU
		{1D106036-07CE-97DA-5843-40BE19C950B0}.Release|Any CPU.Build.0 = Release|Any CPU
		{B98235BA-7219-59CC-7AC2-1BEABB910EE4}.Debug|Any CPU.ActiveCfg = Debug|Any CPU
		{B98235BA-7219-59CC-7AC2-1BEABB910EE4}.Debug|Any CPU.Build.0 = Debug|Any CPU
		{B98235BA-7219-59CC-7AC2-1BEABB910EE4}.Release|Any CPU.ActiveCfg = Release|Any CPU
		{B98235BA-7219-59CC-7AC2-1BEABB910EE4}.Release|Any CPU.Build.0 = Release|Any CPU
		{E639A848-73FD-AD6C-4188-87727A12E2F1}.Debug|Any CPU.ActiveCfg = Debug|Any CPU
		{E639A848-73FD-AD6C-4188-87727A12E2F1}.Debug|Any CPU.Build.0 = Debug|Any CPU
		{E639A848-73FD-AD6C-4188-87727A12E2F1}.Release|Any CPU.ActiveCfg = Release|Any CPU
		{E639A848-73FD-AD6C-4188-87727A12E2F1}.Release|Any CPU.Build.0 = Release|Any CPU
		{6BC20B3A-6633-014D-B003-78080065A979}.Debug|Any CPU.ActiveCfg = Debug|Any CPU
		{6BC20B3A-6633-014D-B003-78080065A979}.Debug|Any CPU.Build.0 = Debug|Any CPU
		{6BC20B3A-6633-014D-B003-78080065A979}.Release|Any CPU.ActiveCfg = Release|Any CPU
		{6BC20B3A-6633-014D-B003-78080065A979}.Release|Any CPU.Build.0 = Release|Any CPU
		{1E712431-1406-16E7-EC09-6900A656218A}.Debug|Any CPU.ActiveCfg = Debug|Any CPU
		{1E712431-1406-16E7-EC09-6900A656218A}.Debug|Any CPU.Build.0 = Debug|Any CPU
		{1E712431-1406-16E7-EC09-6900A656218A}.Release|Any CPU.ActiveCfg = Release|Any CPU
		{1E712431-1406-16E7-EC09-6900A656218A}.Release|Any CPU.Build.0 = Release|Any CPU
		{B1BA599C-9F56-4E17-4181-991FF3018361}.Debug|Any CPU.ActiveCfg = Debug|Any CPU
		{B1BA599C-9F56-4E17-4181-991FF3018361}.Debug|Any CPU.Build.0 = Debug|Any CPU
		{B1BA599C-9F56-4E17-4181-991FF3018361}.Release|Any CPU.ActiveCfg = Release|Any CPU
		{B1BA599C-9F56-4E17-4181-991FF3018361}.Release|Any CPU.Build.0 = Release|Any CPU
		{D9C2134A-7D66-DBD6-3D87-655493174BA0}.Debug|Any CPU.ActiveCfg = Debug|Any CPU
		{D9C2134A-7D66-DBD6-3D87-655493174BA0}.Debug|Any CPU.Build.0 = Debug|Any CPU
		{D9C2134A-7D66-DBD6-3D87-655493174BA0}.Release|Any CPU.ActiveCfg = Release|Any CPU
		{D9C2134A-7D66-DBD6-3D87-655493174BA0}.Release|Any CPU.Build.0 = Release|Any CPU
		{2CA1545A-D002-9021-EC3C-AF65535887B9}.Debug|Any CPU.ActiveCfg = Debug|Any CPU
		{2CA1545A-D002-9021-EC3C-AF65535887B9}.Debug|Any CPU.Build.0 = Debug|Any CPU
		{2CA1545A-D002-9021-EC3C-AF65535887B9}.Release|Any CPU.ActiveCfg = Release|Any CPU
		{2CA1545A-D002-9021-EC3C-AF65535887B9}.Release|Any CPU.Build.0 = Release|Any CPU
		{E0F45656-6C9D-36BC-F90B-D734A6CD2548}.Debug|Any CPU.ActiveCfg = Debug|Any CPU
		{E0F45656-6C9D-36BC-F90B-D734A6CD2548}.Debug|Any CPU.Build.0 = Debug|Any CPU
		{E0F45656-6C9D-36BC-F90B-D734A6CD2548}.Release|Any CPU.ActiveCfg = Release|Any CPU
		{E0F45656-6C9D-36BC-F90B-D734A6CD2548}.Release|Any CPU.Build.0 = Release|Any CPU
		{42CA0321-496C-0EE5-D5FE-8D3C87D7A734}.Debug|Any CPU.ActiveCfg = Debug|Any CPU
		{42CA0321-496C-0EE5-D5FE-8D3C87D7A734}.Debug|Any CPU.Build.0 = Debug|Any CPU
		{42CA0321-496C-0EE5-D5FE-8D3C87D7A734}.Release|Any CPU.ActiveCfg = Release|Any CPU
		{42CA0321-496C-0EE5-D5FE-8D3C87D7A734}.Release|Any CPU.Build.0 = Release|Any CPU
		{5DA107E6-5050-B7DC-94BC-46EFD44923DB}.Debug|Any CPU.ActiveCfg = Debug|Any CPU
		{5DA107E6-5050-B7DC-94BC-46EFD44923DB}.Debug|Any CPU.Build.0 = Debug|Any CPU
		{5DA107E6-5050-B7DC-94BC-46EFD44923DB}.Release|Any CPU.ActiveCfg = Release|Any CPU
		{5DA107E6-5050-B7DC-94BC-46EFD44923DB}.Release|Any CPU.Build.0 = Release|Any CPU
		{1EBCEE04-479C-50C2-D6A6-5432F51B073C}.Debug|Any CPU.ActiveCfg = Debug|Any CPU
		{1EBCEE04-479C-50C2-D6A6-5432F51B073C}.Debug|Any CPU.Build.0 = Debug|Any CPU
		{1EBCEE04-479C-50C2-D6A6-5432F51B073C}.Release|Any CPU.ActiveCfg = Release|Any CPU
		{1EBCEE04-479C-50C2-D6A6-5432F51B073C}.Release|Any CPU.Build.0 = Release|Any CPU
		{C10E4E05-E40B-C87F-0B56-68CF9144E85C}.Debug|Any CPU.ActiveCfg = Debug|Any CPU
		{C10E4E05-E40B-C87F-0B56-68CF9144E85C}.Debug|Any CPU.Build.0 = Debug|Any CPU
		{C10E4E05-E40B-C87F-0B56-68CF9144E85C}.Release|Any CPU.ActiveCfg = Release|Any CPU
		{C10E4E05-E40B-C87F-0B56-68CF9144E85C}.Release|Any CPU.Build.0 = Release|Any CPU
		{D6D580D3-A7BB-D859-A8C5-4CEDCD62F798}.Debug|Any CPU.ActiveCfg = Debug|Any CPU
		{D6D580D3-A7BB-D859-A8C5-4CEDCD62F798}.Debug|Any CPU.Build.0 = Debug|Any CPU
		{D6D580D3-A7BB-D859-A8C5-4CEDCD62F798}.Release|Any CPU.ActiveCfg = Release|Any CPU
		{D6D580D3-A7BB-D859-A8C5-4CEDCD62F798}.Release|Any CPU.Build.0 = Release|Any CPU
		{55B2C998-49FB-39FA-C18E-2695162EC02C}.Debug|Any CPU.ActiveCfg = Debug|Any CPU
		{55B2C998-49FB-39FA-C18E-2695162EC02C}.Debug|Any CPU.Build.0 = Debug|Any CPU
		{55B2C998-49FB-39FA-C18E-2695162EC02C}.Release|Any CPU.ActiveCfg = Release|Any CPU
		{55B2C998-49FB-39FA-C18E-2695162EC02C}.Release|Any CPU.Build.0 = Release|Any CPU
		{B37A61F9-742B-0E24-A299-AB40D3FD9B58}.Debug|Any CPU.ActiveCfg = Debug|Any CPU
		{B37A61F9-742B-0E24-A299-AB40D3FD9B58}.Debug|Any CPU.Build.0 = Debug|Any CPU
		{B37A61F9-742B-0E24-A299-AB40D3FD9B58}.Release|Any CPU.ActiveCfg = Release|Any CPU
		{B37A61F9-742B-0E24-A299-AB40D3FD9B58}.Release|Any CPU.Build.0 = Release|Any CPU
		{85D335F7-5D08-743B-6CC7-360948E0A620}.Debug|Any CPU.ActiveCfg = Debug|Any CPU
		{85D335F7-5D08-743B-6CC7-360948E0A620}.Debug|Any CPU.Build.0 = Debug|Any CPU
		{85D335F7-5D08-743B-6CC7-360948E0A620}.Release|Any CPU.ActiveCfg = Release|Any CPU
		{85D335F7-5D08-743B-6CC7-360948E0A620}.Release|Any CPU.Build.0 = Release|Any CPU
		{39FF8954-6161-803C-9B5E-63956AA66D1C}.Debug|Any CPU.ActiveCfg = Debug|Any CPU
		{39FF8954-6161-803C-9B5E-63956AA66D1C}.Debug|Any CPU.Build.0 = Debug|Any CPU
		{39FF8954-6161-803C-9B5E-63956AA66D1C}.Release|Any CPU.ActiveCfg = Release|Any CPU
		{39FF8954-6161-803C-9B5E-63956AA66D1C}.Release|Any CPU.Build.0 = Release|Any CPU
		{A75E2775-A71D-4B6A-D43C-D6A176BE436F}.Debug|Any CPU.ActiveCfg = Debug|Any CPU
		{A75E2775-A71D-4B6A-D43C-D6A176BE436F}.Debug|Any CPU.Build.0 = Debug|Any CPU
		{A75E2775-A71D-4B6A-D43C-D6A176BE436F}.Release|Any CPU.ActiveCfg = Release|Any CPU
		{A75E2775-A71D-4B6A-D43C-D6A176BE436F}.Release|Any CPU.Build.0 = Release|Any CPU
		{496DDDFA-22FC-5430-7977-4E3987F93533}.Debug|Any CPU.ActiveCfg = Debug|Any CPU
		{496DDDFA-22FC-5430-7977-4E3987F93533}.Debug|Any CPU.Build.0 = Debug|Any CPU
		{496DDDFA-22FC-5430-7977-4E3987F93533}.Release|Any CPU.ActiveCfg = Release|Any CPU
		{496DDDFA-22FC-5430-7977-4E3987F93533}.Release|Any CPU.Build.0 = Release|Any CPU
		{3A4AE3FD-E40C-C2AB-AFB1-3AB0CACB2D47}.Debug|Any CPU.ActiveCfg = Debug|Any CPU
		{3A4AE3FD-E40C-C2AB-AFB1-3AB0CACB2D47}.Debug|Any CPU.Build.0 = Debug|Any CPU
		{3A4AE3FD-E40C-C2AB-AFB1-3AB0CACB2D47}.Release|Any CPU.ActiveCfg = Release|Any CPU
		{3A4AE3FD-E40C-C2AB-AFB1-3AB0CACB2D47}.Release|Any CPU.Build.0 = Release|Any CPU
		{85C9AC61-F849-724E-1AF3-B81C84641CD2}.Debug|Any CPU.ActiveCfg = Debug|Any CPU
		{85C9AC61-F849-724E-1AF3-B81C84641CD2}.Debug|Any CPU.Build.0 = Debug|Any CPU
		{85C9AC61-F849-724E-1AF3-B81C84641CD2}.Release|Any CPU.ActiveCfg = Release|Any CPU
		{85C9AC61-F849-724E-1AF3-B81C84641CD2}.Release|Any CPU.Build.0 = Release|Any CPU
		{B8875475-8893-B7F4-D3DC-B7BC574ACEB3}.Debug|Any CPU.ActiveCfg = Debug|Any CPU
		{B8875475-8893-B7F4-D3DC-B7BC574ACEB3}.Debug|Any CPU.Build.0 = Debug|Any CPU
		{B8875475-8893-B7F4-D3DC-B7BC574ACEB3}.Release|Any CPU.ActiveCfg = Release|Any CPU
		{B8875475-8893-B7F4-D3DC-B7BC574ACEB3}.Release|Any CPU.Build.0 = Release|Any CPU
		{188DDDAF-A5FD-C439-0A5F-BE047FD8662D}.Debug|Any CPU.ActiveCfg = Debug|Any CPU
		{188DDDAF-A5FD-C439-0A5F-BE047FD8662D}.Debug|Any CPU.Build.0 = Debug|Any CPU
		{188DDDAF-A5FD-C439-0A5F-BE047FD8662D}.Release|Any CPU.ActiveCfg = Release|Any CPU
		{188DDDAF-A5FD-C439-0A5F-BE047FD8662D}.Release|Any CPU.Build.0 = Release|Any CPU
		{C8DB5FF9-406D-BA86-453C-9C244BB164C4}.Debug|Any CPU.ActiveCfg = Debug|Any CPU
		{C8DB5FF9-406D-BA86-453C-9C244BB164C4}.Debug|Any CPU.Build.0 = Debug|Any CPU
		{C8DB5FF9-406D-BA86-453C-9C244BB164C4}.Release|Any CPU.ActiveCfg = Release|Any CPU
		{C8DB5FF9-406D-BA86-453C-9C244BB164C4}.Release|Any CPU.Build.0 = Release|Any CPU
		{0BB2E8D8-A427-3B8A-6ACE-3A238FD52680}.Debug|Any CPU.ActiveCfg = Debug|Any CPU
		{0BB2E8D8-A427-3B8A-6ACE-3A238FD52680}.Debug|Any CPU.Build.0 = Debug|Any CPU
		{0BB2E8D8-A427-3B8A-6ACE-3A238FD52680}.Release|Any CPU.ActiveCfg = Release|Any CPU
		{0BB2E8D8-A427-3B8A-6ACE-3A238FD52680}.Release|Any CPU.Build.0 = Release|Any CPU
		{D36ADC59-D2EF-D0B9-348B-7A8F69483585}.Debug|Any CPU.ActiveCfg = Debug|Any CPU
		{D36ADC59-D2EF-D0B9-348B-7A8F69483585}.Debug|Any CPU.Build.0 = Debug|Any CPU
		{D36ADC59-D2EF-D0B9-348B-7A8F69483585}.Release|Any CPU.ActiveCfg = Release|Any CPU
		{D36ADC59-D2EF-D0B9-348B-7A8F69483585}.Release|Any CPU.Build.0 = Release|Any CPU
	EndGlobalSection
	GlobalSection(SolutionProperties) = preSolution
		HideSolutionNode = FALSE
	EndGlobalSection
EndGlobal
